
Microsoft Visual Studio Solution File, Format Version 12.00
# Visual Studio Version 17
VisualStudioVersion = 17.11.35303.130
MinimumVisualStudioVersion = 10.0.40219.1
Project("{FAE04EC0-301F-11D3-BF4B-00C04F79EFBC}") = "BookLibrary", "BookLibrary.csproj", "{A9BB4690-8766-453E-9F64-8D0D1E210CAD}"
EndProject
Global
	GlobalSection(SolutionConfigurationPlatforms) = preSolution
		Debug|Any CPU = Debug|Any CPU
		Release|Any CPU = Release|Any CPU
	EndGlobalSection
	GlobalSection(ProjectConfigurationPlatforms) = postSolution
		{A9BB4690-8766-453E-9F64-8D0D1E210CAD}.Debug|Any CPU.ActiveCfg = Debug|Any CPU
		{A9BB4690-8766-453E-9F64-8D0D1E210CAD}.Debug|Any CPU.Build.0 = Debug|Any CPU
		{A9BB4690-8766-453E-9F64-8D0D1E210CAD}.Release|Any CPU.ActiveCfg = Release|Any CPU
		{A9BB4690-8766-453E-9F64-8D0D1E210CAD}.Release|Any CPU.Build.0 = Release|Any CPU
	EndGlobalSection
	GlobalSection(SolutionProperties) = preSolution
		HideSolutionNode = FALSE
	EndGlobalSection
	GlobalSection(ExtensibilityGlobals) = postSolution
		SolutionGuid = {254F93C3-BF41-43D3-946B-843885B9908C}
	EndGlobalSection
EndGlobal
